PODS:
  - OCHamcrest (3.0.1)
  - OCMock (2.2.1)
  - xctest-assert-eventually (0.1.1):
    - OCHamcrest

DEPENDENCIES:
  - OCHamcrest (~> 3.0.0)
  - OCMock (~> 2.2)
  - xctest-assert-eventually

SPEC CHECKSUMS:
  OCHamcrest: 207233b7d7a44dadd66aca398947cc7e029c9be5
  OCMock: 0647d3c53ce945e6f1dbaf072a66848aeb376a40
  xctest-assert-eventually: 90856a929104a12b841f07f7e5e16a67fd2ab07f

COCOAPODS: 0.36.0.beta.1
